
Microsoft Visual Studio Solution File, Format Version 12.00
# Visual Studio 15
VisualStudioVersion = 15.0.27406.0
MinimumVisualStudioVersion = 10.0.40219.1
Project("{8BC9CEB8-8B4A-11D0-8D11-00A0C91BC942}") = "Direct3D UWP Game3", "Direct3D UWP Game3\Direct3D UWP Game3.vcxproj", "{15A207EC-5DD2-477E-A033-FCB40B7E9226}"
EndProject
Global
	GlobalSection(SolutionConfigurationPlatforms) = preSolution
		Debug|ARM = Debug|ARM
		Debug|x64 = Debug|x64
		Debug|x86 = Debug|x86
		Release|ARM = Release|ARM
		Release|x64 = Release|x64
		Release|x86 = Release|x86
	EndGlobalSection
	GlobalSection(ProjectConfigurationPlatforms) = postSolution
		{15A207EC-5DD2-477E-A033-FCB40B7E9226}.Debug|ARM.ActiveCfg = Debug|ARM
		{15A207EC-5DD2-477E-A033-FCB40B7E9226}.Debug|ARM.Build.0 = Debug|ARM
		{15A207EC-5DD2-477E-A033-FCB40B7E9226}.Debug|ARM.Deploy.0 = Debug|ARM
		{15A207EC-5DD2-477E-A033-FCB40B7E9226}.Debug|x64.ActiveCfg = Debug|x64
		{15A207EC-5DD2-477E-A033-FCB40B7E9226}.Debug|x64.Build.0 = Debug|x64
		{15A207EC-5DD2-477E-A033-FCB40B7E9226}.Debug|x64.Deploy.0 = Debug|x64
		{15A207EC-5DD2-477E-A033-FCB40B7E9226}.Debug|x86.ActiveCfg = Debug|Win32
		{15A207EC-5DD2-477E-A033-FCB40B7E9226}.Debug|x86.Build.0 = Debug|Win32
		{15A207EC-5DD2-477E-A033-FCB40B7E9226}.Debug|x86.Deploy.0 = Debug|Win32
		{15A207EC-5DD2-477E-A033-FCB40B7E9226}.Release|ARM.ActiveCfg = Release|ARM
		{15A207EC-5DD2-477E-A033-FCB40B7E9226}.Release|ARM.Build.0 = Release|ARM
		{15A207EC-5DD2-477E-A033-FCB40B7E9226}.Release|ARM.Deploy.0 = Release|ARM
		{15A207EC-5DD2-477E-A033-FCB40B7E9226}.Release|x64.ActiveCfg = Release|x64
		{15A207EC-5DD2-477E-A033-FCB40B7E9226}.Release|x64.Build.0 = Release|x64
		{15A207EC-5DD2-477E-A033-FCB40B7E9226}.Release|x64.Deploy.0 = Release|x64
		{15A207EC-5DD2-477E-A033-FCB40B7E9226}.Release|x86.ActiveCfg = Release|Win32
		{15A207EC-5DD2-477E-A033-FCB40B7E9226}.Release|x86.Build.0 = Release|Win32
		{15A207EC-5DD2-477E-A033-FCB40B7E9226}.Release|x86.Deploy.0 = Release|Win32
	EndGlobalSection
	GlobalSection(SolutionProperties) = preSolution
		HideSolutionNode = FALSE
	EndGlobalSection
	GlobalSection(ExtensibilityGlobals) = postSolution
		SolutionGuid = {79A1C4F4-F78F-482D-BB25-370308E08E0B}
	EndGlobalSection
EndGlobal
